
Microsoft Visual Studio Solution File, Format Version 12.00
# Visual Studio Version 16
VisualStudioVersion = 16.0.30503.244
MinimumVisualStudioVersion = 10.0.40219.1
Project("{9A19103F-16F7-4668-BE54-9A1E7A4F7556}") = "ConsoleUI", "ConsoleUI\ConsoleUI.csproj", "{397349B7-F25C-4E30-A208-EAAE28DF17A4}"
EndProject
Project("{FAE04EC0-301F-11D3-BF4B-00C04F79EFBC}") = "DemoLibrary", "DemoLibrary\DemoLibrary.csproj", "{2CAEBD88-8A48-4327-85A4-F2876915CBA8}"
EndProject
Global
	GlobalSection(SolutionConfigurationPlatforms) = preSolution
		Debug|Any CPU = Debug|Any CPU
		Release|Any CPU = Release|Any CPU
	EndGlobalSection
	GlobalSection(ProjectConfigurationPlatforms) = postSolution
		{397349B7-F25C-4E30-A208-EAAE28DF17A4}.Debug|Any CPU.ActiveCfg = Debug|Any CPU
		{397349B7-F25C-4E30-A208-EAAE28DF17A4}.Debug|Any CPU.Build.0 = Debug|Any CPU
		{397349B7-F25C-4E30-A208-EAAE28DF17A4}.Release|Any CPU.ActiveCfg = Release|Any CPU
		{397349B7-F25C-4E30-A208-EAAE28DF17A4}.Release|Any CPU.Build.0 = Release|Any CPU
		{2CAEBD88-8A48-4327-85A4-F2876915CBA8}.Debug|Any CPU.ActiveCfg = Debug|Any CPU
		{2CAEBD88-8A48-4327-85A4-F2876915CBA8}.Debug|Any CPU.Build.0 = Debug|Any CPU
		{2CAEBD88-8A48-4327-85A4-F2876915CBA8}.Release|Any CPU.ActiveCfg = Release|Any CPU
		{2CAEBD88-8A48-4327-85A4-F2876915CBA8}.Release|Any CPU.Build.0 = Release|Any CPU
	EndGlobalSection
	GlobalSection(SolutionProperties) = preSolution
		HideSolutionNode = FALSE
	EndGlobalSection
	GlobalSection(ExtensibilityGlobals) = postSolution
		SolutionGuid = {174D8281-33E0-4F4D-8750-9E3DDAEF720B}
	EndGlobalSection
EndGlobal
